
Microsoft Visual Studio Solution File, Format Version 12.00
# Visual Studio 15
VisualStudioVersion = 15.0.28307.645
MinimumVisualStudioVersion = 10.0.40219.1
Project("{9A19103F-16F7-4668-BE54-9A1E7A4F7556}") = "WeatherAppTests", "WeatherAppTests\WeatherAppTests.csproj", "{7DFAE22A-AD57-4615-BA55-F10940FCC9E4}"
EndProject
Project("{9A19103F-16F7-4668-BE54-9A1E7A4F7556}") = "ThirdPartyApiCaller", "ApiModels\ThirdPartyApiCaller.csproj", "{27C3ABC2-E8F0-439D-8E9A-90ED5F416B13}"
EndProject
Project("{9A19103F-16F7-4668-BE54-9A1E7A4F7556}") = "WeatherApp", "WeatherApp\WeatherApp.csproj", "{6274A741-AAD9-46EE-B01D-3673F27FAA71}"
EndProject
Global
	GlobalSection(SolutionConfigurationPlatforms) = preSolution
		Debug|Any CPU = Debug|Any CPU
		Release|Any CPU = Release|Any CPU
	EndGlobalSection
	GlobalSection(ProjectConfigurationPlatforms) = postSolution
		{7DFAE22A-AD57-4615-BA55-F10940FCC9E4}.Debug|Any CPU.ActiveCfg = Debug|Any CPU
		{7DFAE22A-AD57-4615-BA55-F10940FCC9E4}.Debug|Any CPU.Build.0 = Debug|Any CPU
		{7DFAE22A-AD57-4615-BA55-F10940FCC9E4}.Release|Any CPU.ActiveCfg = Release|Any CPU
		{7DFAE22A-AD57-4615-BA55-F10940FCC9E4}.Release|Any CPU.Build.0 = Release|Any CPU
		{27C3ABC2-E8F0-439D-8E9A-90ED5F416B13}.Debug|Any CPU.ActiveCfg = Debug|Any CPU
		{27C3ABC2-E8F0-439D-8E9A-90ED5F416B13}.Debug|Any CPU.Build.0 = Debug|Any CPU
		{27C3ABC2-E8F0-439D-8E9A-90ED5F416B13}.Release|Any CPU.ActiveCfg = Release|Any CPU
		{27C3ABC2-E8F0-439D-8E9A-90ED5F416B13}.Release|Any CPU.Build.0 = Release|Any CPU
		{6274A741-AAD9-46EE-B01D-3673F27FAA71}.Debug|Any CPU.ActiveCfg = Debug|Any CPU
		{6274A741-AAD9-46EE-B01D-3673F27FAA71}.Debug|Any CPU.Build.0 = Debug|Any CPU
		{6274A741-AAD9-46EE-B01D-3673F27FAA71}.Release|Any CPU.ActiveCfg = Release|Any CPU
		{6274A741-AAD9-46EE-B01D-3673F27FAA71}.Release|Any CPU.Build.0 = Release|Any CPU
	EndGlobalSection
	GlobalSection(SolutionProperties) = preSolution
		HideSolutionNode = FALSE
	EndGlobalSection
	GlobalSection(ExtensibilityGlobals) = postSolution
		SolutionGuid = {EB5FE1DB-6259-490B-8C55-4DEC30E8F689}
	EndGlobalSection
EndGlobal
